
Microsoft Visual Studio Solution File, Format Version 12.00
# Visual Studio Version 16
VisualStudioVersion = 16.0.29215.179
MinimumVisualStudioVersion = 10.0.40219.1
Project("{9A19103F-16F7-4668-BE54-9A1E7A4F7556}") = "HospitalLogic", "HospitalLogic\HospitalLogic.csproj", "{16F4C56A-7A7B-4EBC-95BA-BCF5E3988696}"
EndProject
Project("{FAE04EC0-301F-11D3-BF4B-00C04F79EFBC}") = "HospitalWPF", "HospitalWPF\HospitalWPF.csproj", "{D0E9FEBD-4A35-4245-A52A-01DEB129CB87}"
EndProject
Global
	GlobalSection(SolutionConfigurationPlatforms) = preSolution
		Debug|Any CPU = Debug|Any CPU
		Release|Any CPU = Release|Any CPU
	EndGlobalSection
	GlobalSection(ProjectConfigurationPlatforms) = postSolution
		{16F4C56A-7A7B-4EBC-95BA-BCF5E3988696}.Debug|Any CPU.ActiveCfg = Debug|Any CPU
		{16F4C56A-7A7B-4EBC-95BA-BCF5E3988696}.Debug|Any CPU.Build.0 = Debug|Any CPU
		{16F4C56A-7A7B-4EBC-95BA-BCF5E3988696}.Release|Any CPU.ActiveCfg = Release|Any CPU
		{16F4C56A-7A7B-4EBC-95BA-BCF5E3988696}.Release|Any CPU.Build.0 = Release|Any CPU
		{D0E9FEBD-4A35-4245-A52A-01DEB129CB87}.Debug|Any CPU.ActiveCfg = Debug|Any CPU
		{D0E9FEBD-4A35-4245-A52A-01DEB129CB87}.Debug|Any CPU.Build.0 = Debug|Any CPU
		{D0E9FEBD-4A35-4245-A52A-01DEB129CB87}.Release|Any CPU.ActiveCfg = Release|Any CPU
		{D0E9FEBD-4A35-4245-A52A-01DEB129CB87}.Release|Any CPU.Build.0 = Release|Any CPU
	EndGlobalSection
	GlobalSection(SolutionProperties) = preSolution
		HideSolutionNode = FALSE
	EndGlobalSection
	GlobalSection(ExtensibilityGlobals) = postSolution
		SolutionGuid = {812E021E-DC08-4BBB-BA67-645DEFF528F1}
	EndGlobalSection
EndGlobal
